
Microsoft Visual Studio Solution File, Format Version 12.00
# Visual Studio 14
VisualStudioVersion = 14.0.25420.1
MinimumVisualStudioVersion = 10.0.40219.1
Project("{FAE04EC0-301F-11D3-BF4B-00C04F79EFBC}") = "SeleniumAutomation", "SeleniumAutomation\SeleniumAutomation.csproj", "{EB91F3BE-B6DE-42C5-87BE-80859B5320FE}"
EndProject
Project("{FAE04EC0-301F-11D3-BF4B-00C04F79EFBC}") = "Tax.Automation.Test", "Tax.Automation.Test\Tax.Automation.Test.csproj", "{5B3D8E0D-BEE3-49F9-975F-DBA909B33EDC}"
EndProject
Project("{FAE04EC0-301F-11D3-BF4B-00C04F79EFBC}") = "PKITA.Online.Test.Automation", "PKITA.Online.Test.Automation\PKITA.Online.Test.Automation.csproj", "{E95A5823-A01B-4846-863C-998612FB2049}"
EndProject
Project("{FAE04EC0-301F-11D3-BF4B-00C04F79EFBC}") = "Tax.Automation.UI", "Tax.Automation.UI\Tax.Automation.UI.csproj", "{62022999-2835-4BB2-8E37-926B8771D26D}"
EndProject
Global
	GlobalSection(SolutionConfigurationPlatforms) = preSolution
		Debug|Any CPU = Debug|Any CPU
		Release|Any CPU = Release|Any CPU
	EndGlobalSection
	GlobalSection(ProjectConfigurationPlatforms) = postSolution
		{EB91F3BE-B6DE-42C5-87BE-80859B5320FE}.Debug|Any CPU.ActiveCfg = Debug|Any CPU
		{EB91F3BE-B6DE-42C5-87BE-80859B5320FE}.Debug|Any CPU.Build.0 = Debug|Any CPU
		{EB91F3BE-B6DE-42C5-87BE-80859B5320FE}.Release|Any CPU.ActiveCfg = Release|Any CPU
		{EB91F3BE-B6DE-42C5-87BE-80859B5320FE}.Release|Any CPU.Build.0 = Release|Any CPU
		{5B3D8E0D-BEE3-49F9-975F-DBA909B33EDC}.Debug|Any CPU.ActiveCfg = Debug|Any CPU
		{5B3D8E0D-BEE3-49F9-975F-DBA909B33EDC}.Debug|Any CPU.Build.0 = Debug|Any CPU
		{5B3D8E0D-BEE3-49F9-975F-DBA909B33EDC}.Release|Any CPU.ActiveCfg = Release|Any CPU
		{5B3D8E0D-BEE3-49F9-975F-DBA909B33EDC}.Release|Any CPU.Build.0 = Release|Any CPU
		{E95A5823-A01B-4846-863C-998612FB2049}.Debug|Any CPU.ActiveCfg = Debug|Any CPU
		{E95A5823-A01B-4846-863C-998612FB2049}.Debug|Any CPU.Build.0 = Debug|Any CPU
		{E95A5823-A01B-4846-863C-998612FB2049}.Release|Any CPU.ActiveCfg = Release|Any CPU
		{E95A5823-A01B-4846-863C-998612FB2049}.Release|Any CPU.Build.0 = Release|Any CPU
		{62022999-2835-4BB2-8E37-926B8771D26D}.Debug|Any CPU.ActiveCfg = Debug|Any CPU
		{62022999-2835-4BB2-8E37-926B8771D26D}.Debug|Any CPU.Build.0 = Debug|Any CPU
		{62022999-2835-4BB2-8E37-926B8771D26D}.Release|Any CPU.ActiveCfg = Release|Any CPU
		{62022999-2835-4BB2-8E37-926B8771D26D}.Release|Any CPU.Build.0 = Release|Any CPU
	EndGlobalSection
	GlobalSection(SolutionProperties) = preSolution
		HideSolutionNode = FALSE
	EndGlobalSection
EndGlobal
